
Microsoft Visual Studio Solution File, Format Version 12.00
# Visual Studio Version 17
VisualStudioVersion = 17.11.35312.102
MinimumVisualStudioVersion = 10.0.40219.1
Project("{FAE04EC0-301F-11D3-BF4B-00C04F79EFBC}") = "ExerciciCincXUnit", "ExerciciCincXUnit\ExerciciCincXUnit.csproj", "{10005C6C-62FC-4EBC-B4FE-F8ACBB75B4EB}"
EndProject
Global
	GlobalSection(SolutionConfigurationPlatforms) = preSolution
		Debug|Any CPU = Debug|Any CPU
		Release|Any CPU = Release|Any CPU
	EndGlobalSection
	GlobalSection(ProjectConfigurationPlatforms) = postSolution
		{10005C6C-62FC-4EBC-B4FE-F8ACBB75B4EB}.Debug|Any CPU.ActiveCfg = Debug|Any CPU
		{10005C6C-62FC-4EBC-B4FE-F8ACBB75B4EB}.Debug|Any CPU.Build.0 = Debug|Any CPU
		{10005C6C-62FC-4EBC-B4FE-F8ACBB75B4EB}.Release|Any CPU.ActiveCfg = Release|Any CPU
		{10005C6C-62FC-4EBC-B4FE-F8ACBB75B4EB}.Release|Any CPU.Build.0 = Release|Any CPU
	EndGlobalSection
	GlobalSection(SolutionProperties) = preSolution
		HideSolutionNode = FALSE
	EndGlobalSection
	GlobalSection(ExtensibilityGlobals) = postSolution
		SolutionGuid = {47B6CBC4-A333-4B03-932E-9D7CEADC7A55}
	EndGlobalSection
EndGlobal
